
Microsoft Visual Studio Solution File, Format Version 12.00
# Visual Studio 15
VisualStudioVersion = 15.0.28307.1259
MinimumVisualStudioVersion = 10.0.40219.1
Project("{FAE04EC0-301F-11D3-BF4B-00C04F79EFBC}") = "ServerConfigMtk-P2-20180140004", "ServerConfigMtk-P2-20180140004\ServerConfigMtk-P2-20180140004.csproj", "{3A9369B8-9D05-46ED-815D-F212CB5C3FE4}"
EndProject
Global
	GlobalSection(SolutionConfigurationPlatforms) = preSolution
		Debug|Any CPU = Debug|Any CPU
		Release|Any CPU = Release|Any CPU
	EndGlobalSection
	GlobalSection(ProjectConfigurationPlatforms) = postSolution
		{3A9369B8-9D05-46ED-815D-F212CB5C3FE4}.Debug|Any CPU.ActiveCfg = Debug|Any CPU
		{3A9369B8-9D05-46ED-815D-F212CB5C3FE4}.Debug|Any CPU.Build.0 = Debug|Any CPU
		{3A9369B8-9D05-46ED-815D-F212CB5C3FE4}.Release|Any CPU.ActiveCfg = Release|Any CPU
		{3A9369B8-9D05-46ED-815D-F212CB5C3FE4}.Release|Any CPU.Build.0 = Release|Any CPU
	EndGlobalSection
	GlobalSection(SolutionProperties) = preSolution
		HideSolutionNode = FALSE
	EndGlobalSection
	GlobalSection(ExtensibilityGlobals) = postSolution
		SolutionGuid = {EB4EB788-B3C4-4898-B8C5-A809A7932439}
	EndGlobalSection
EndGlobal
